
Microsoft Visual Studio Solution File, Format Version 12.00
# Visual Studio Version 17
VisualStudioVersion = 17.2.32630.192
MinimumVisualStudioVersion = 10.0.40219.1
Project("{FAE04EC0-301F-11D3-BF4B-00C04F79EFBC}") = "clase07_ejercicio", "clase07_ejercicio\clase07_ejercicio.csproj", "{822AB26B-DA4F-430B-B6CB-54A1556DE43F}"
EndProject
Global
	GlobalSection(SolutionConfigurationPlatforms) = preSolution
		Debug|Any CPU = Debug|Any CPU
		Release|Any CPU = Release|Any CPU
	EndGlobalSection
	GlobalSection(ProjectConfigurationPlatforms) = postSolution
		{822AB26B-DA4F-430B-B6CB-54A1556DE43F}.Debug|Any CPU.ActiveCfg = Debug|Any CPU
		{822AB26B-DA4F-430B-B6CB-54A1556DE43F}.Debug|Any CPU.Build.0 = Debug|Any CPU
		{822AB26B-DA4F-430B-B6CB-54A1556DE43F}.Release|Any CPU.ActiveCfg = Release|Any CPU
		{822AB26B-DA4F-430B-B6CB-54A1556DE43F}.Release|Any CPU.Build.0 = Release|Any CPU
	EndGlobalSection
	GlobalSection(SolutionProperties) = preSolution
		HideSolutionNode = FALSE
	EndGlobalSection
	GlobalSection(ExtensibilityGlobals) = postSolution
		SolutionGuid = {98BEFCBC-8156-4C55-BF5B-4C18F5E238CE}
	EndGlobalSection
EndGlobal
