
Microsoft Visual Studio Solution File, Format Version 12.00
# Visual Studio Version 17
VisualStudioVersion = 17.2.32630.192
MinimumVisualStudioVersion = 10.0.40219.1
Project("{FAE04EC0-301F-11D3-BF4B-00C04F79EFBC}") = "clase02", "clase02\clase02.csproj", "{1F22BF56-4115-4E23-991D-0B5A7D2D807E}"
EndProject
Global
	GlobalSection(SolutionConfigurationPlatforms) = preSolution
		Debug|Any CPU = Debug|Any CPU
		Release|Any CPU = Release|Any CPU
	EndGlobalSection
	GlobalSection(ProjectConfigurationPlatforms) = postSolution
		{1F22BF56-4115-4E23-991D-0B5A7D2D807E}.Debug|Any CPU.ActiveCfg = Debug|Any CPU
		{1F22BF56-4115-4E23-991D-0B5A7D2D807E}.Debug|Any CPU.Build.0 = Debug|Any CPU
		{1F22BF56-4115-4E23-991D-0B5A7D2D807E}.Release|Any CPU.ActiveCfg = Release|Any CPU
		{1F22BF56-4115-4E23-991D-0B5A7D2D807E}.Release|Any CPU.Build.0 = Release|Any CPU
	EndGlobalSection
	GlobalSection(SolutionProperties) = preSolution
		HideSolutionNode = FALSE
	EndGlobalSection
	GlobalSection(ExtensibilityGlobals) = postSolution
		SolutionGuid = {314BDC00-B7ED-4223-A061-06647EC4970A}
	EndGlobalSection
EndGlobal
